// !$*UTF8*$!
{
	archiveVersion = 1;
	classes = {
	};
	objectVersion = 46;
	objects = {

/* Begin PBXBuildFile section */
		4103FC161DC0579F00AE1A9D /* AppDelegate.swift in Sources */ = {isa = PBXBuildFile; fileRef = 4103FC151DC0579F00AE1A9D /* AppDelegate.swift */; };
		4103FC181DC0579F00AE1A9D /* ViewController.swift in Sources */ = {isa = PBXBuildFile; fileRef = 4103FC171DC0579F00AE1A9D /* ViewController.swift */; };
		4103FC1B1DC0579F00AE1A9D /* Main.storyboard in Resources */ = {isa = PBXBuildFile; fileRef = 4103FC191DC0579F00AE1A9D /* Main.storyboard */; };
		4103FC1D1DC0579F00AE1A9D /* Assets.xcassets in Resources */ = {isa = PBXBuildFile; fileRef = 4103FC1C1DC0579F00AE1A9D /* Assets.xcassets */; };
		4103FC201DC0579F00AE1A9D /* LaunchScreen.storyboard in Resources */ = {isa = PBXBuildFile; fileRef = 4103FC1E1DC0579F00AE1A9D /* LaunchScreen.storyboard */; };
		4103FC2B1DC0579F00AE1A9D /* RoundingTaxTests.swift in Sources */ = {isa = PBXBuildFile; fileRef = 4103FC2A1DC0579F00AE1A9D /* RoundingTaxTests.swift */; };
		4103FC361DC0579F00AE1A9D /* RoundingTaxUITests.swift in Sources */ = {isa = PBXBuildFile; fileRef = 4103FC351DC0579F00AE1A9D /* RoundingTaxUITests.swift */; };
/* End PBXBuildFile section */

/* Begin PBXContainerItemProxy section */
		4103FC271DC0579F00AE1A9D /* PBXContainerItemProxy */ = {
			isa = PBXContainerItemProxy;
			containerPortal = 4103FC0A1DC0579F00AE1A9D /* Project object */;
			proxyType = 1;
			remoteGlobalIDString = 4103FC111DC0579F00AE1A9D;
			remoteInfo = RoundingTax;
		};
		4103FC321DC0579F00AE1A9D /* PBXContainerItemProxy */ = {
			isa = PBXContainerItemProxy;
			containerPortal = 4103FC0A1DC0579F00AE1A9D /* Project object */;
			proxyType = 1;
			remoteGlobalIDString = 4103FC111DC0579F00AE1A9D;
			remoteInfo = RoundingTax;
		};
/* End PBXContainerItemProxy section */

/* Begin PBXFileReference section */
		4103FC121DC0579F00AE1A9D /* RoundingTax.app */ = {isa = PBXFileReference; explicitFileType = wrapper.application; includeInIndex = 0; path = RoundingTax.app; sourceTree = BUILT_PRODUCTS_DIR; };
		4103FC151DC0579F00AE1A9D /* AppDelegate.swift */ = {isa = PBXFileReference; lastKnownFileType = sourcecode.swift; path = AppDelegate.swift; sourceTree = "<group>"; };
		4103FC171DC0579F00AE1A9D /* ViewController.swift */ = {isa = PBXFileReference; lastKnownFileType = sourcecode.swift; path = ViewController.swift; sourceTree = "<group>"; };
		4103FC1A1DC0579F00AE1A9D /* Base */ = {isa = PBXFileReference; lastKnownFileType = file.storyboard; name = Base; path = Base.lproj/Main.storyboard; sourceTree = "<group>"; };
		4103FC1C1DC0579F00AE1A9D /* Assets.xcassets */ = {isa = PBXFileReference; lastKnownFileType = folder.assetcatalog; path = Assets.xcassets; sourceTree = "<group>"; };
		4103FC1F1DC0579F00AE1A9D /* Base */ = {isa = PBXFileReference; lastKnownFileType = file.storyboard; name = Base; path = Base.lproj/LaunchScreen.storyboard; sourceTree = "<group>"; };
		4103FC211DC0579F00AE1A9D /* Info.plist */ = {isa = PBXFileReference; lastKnownFileType = text.plist.xml; path = Info.plist; sourceTree = "<group>"; };
		4103FC261DC0579F00AE1A9D /* RoundingTaxTests.xctest */ = {isa = PBXFileReference; explicitFileType = wrapper.cfbundle; includeInIndex = 0; path = RoundingTaxTests.xctest; sourceTree = BUILT_PRODUCTS_DIR; };
		4103FC2A1DC0579F00AE1A9D /* RoundingTaxTests.swift */ = {isa = PBXFileReference; lastKnownFileType = sourcecode.swift; path = RoundingTaxTests.swift; sourceTree = "<group>"; };
		4103FC2C1DC0579F00AE1A9D /* Info.plist */ = {isa = PBXFileReference; lastKnownFileType = text.plist.xml; path = Info.plist; sourceTree = "<group>"; };
		4103FC311DC0579F00AE1A9D /* RoundingTaxUITests.xctest */ = {isa = PBXFileReference; explicitFileType = wrapper.cfbundle; includeInIndex = 0; path = RoundingTaxUITests.xctest; sourceTree = BUILT_PRODUCTS_DIR; };
		4103FC351DC0579F00AE1A9D /* RoundingTaxUITests.swift */ = {isa = PBXFileReference; lastKnownFileType = sourcecode.swift; path = RoundingTaxUITests.swift; sourceTree = "<group>"; };
		4103FC371DC0579F00AE1A9D /* Info.plist */ = {isa = PBXFileReference; lastKnownFileType = text.plist.xml; path = Info.plist; sourceTree = "<group>"; };
/* End PBXFileReference section */

/* Begin PBXFrameworksBuildPhase section */
		4103FC0F1DC0579F00AE1A9D /* Frameworks */ = {
			isa = PBXFrameworksBuildPhase;
			buildActionMask = 2147483647;
			files = (
			);
			runOnlyForDeploymentPostprocessing = 0;
		};
		4103FC231DC0579F00AE1A9D /* Frameworks */ = {
			isa = PBXFrameworksBuildPhase;
			buildActionMask = 2147483647;
			files = (
			);
			runOnlyForDeploymentPostprocessing = 0;
		};
		4103FC2E1DC0579F00AE1A9D /* Frameworks */ = {
			isa = PBXFrameworksBuildPhase;
			buildActionMask = 2147483647;
			files = (
			);
			runOnlyForDeploymentPostprocessing = 0;
		};
/* End PBXFrameworksBuildPhase section */

/* Begin PBXGroup section */
		4103FC091DC0579F00AE1A9D = {
			isa = PBXGroup;
			children = (
				4103FC141DC0579F00AE1A9D /* RoundingTax */,
				4103FC291DC0579F00AE1A9D /* RoundingTaxTests */,
				4103FC341DC0579F00AE1A9D /* RoundingTaxUITests */,
				4103FC131DC0579F00AE1A9D /* Products */,
			);
			sourceTree = "<group>";
		};
		4103FC131DC0579F00AE1A9D /* Products */ = {
			isa = PBXGroup;
			children = (
				4103FC121DC0579F00AE1A9D /* RoundingTax.app */,
				4103FC261DC0579F00AE1A9D /* RoundingTaxTests.xctest */,
				4103FC311DC0579F00AE1A9D /* RoundingTaxUITests.xctest */,
			);
			name = Products;
			sourceTree = "<group>";
		};
		4103FC141DC0579F00AE1A9D /* RoundingTax */ = {
			isa = PBXGroup;
			children = (
				4103FC151DC0579F00AE1A9D /* AppDelegate.swift */,
				4103FC171DC0579F00AE1A9D /* ViewController.swift */,
				4103FC191DC0579F00AE1A9D /* Main.storyboard */,
				4103FC1C1DC0579F00AE1A9D /* Assets.xcassets */,
				4103FC1E1DC0579F00AE1A9D /* LaunchScreen.storyboard */,
				4103FC211DC0579F00AE1A9D /* Info.plist */,
			);
			path = RoundingTax;
			sourceTree = "<group>";
		};
		4103FC291DC0579F00AE1A9D /* RoundingTaxTests */ = {
			isa = PBXGroup;
			children = (
				4103FC2A1DC0579F00AE1A9D /* RoundingTaxTests.swift */,
				4103FC2C1DC0579F00AE1A9D /* Info.plist */,
			);
			path = RoundingTaxTests;
			sourceTree = "<group>";
		};
		4103FC341DC0579F00AE1A9D /* RoundingTaxUITests */ = {
			isa = PBXGroup;
			children = (
				4103FC351DC0579F00AE1A9D /* RoundingTaxUITests.swift */,
				4103FC371DC0579F00AE1A9D /* Info.plist */,
			);
			path = RoundingTaxUITests;
			sourceTree = "<group>";
		};
/* End PBXGroup section */

/* Begin PBXNativeTarget section */
		4103FC111DC0579F00AE1A9D /* RoundingTax */ = {
			isa = PBXNativeTarget;
			buildConfigurationList = 4103FC3A1DC0579F00AE1A9D /* Build configuration list for PBXNativeTarget "RoundingTax" */;
			buildPhases = (
				4103FC0E1DC0579F00AE1A9D /* Sources */,
				4103FC0F1DC0579F00AE1A9D /* Frameworks */,
				4103FC101DC0579F00AE1A9D /* Resources */,
			);
			buildRules = (
			);
			dependencies = (
			);
			name = RoundingTax;
			productName = RoundingTax;
			productReference = 4103FC121DC0579F00AE1A9D /* RoundingTax.app */;
			productType = "com.apple.product-type.application";
		};
		4103FC251DC0579F00AE1A9D /* RoundingTaxTests */ = {
			isa = PBXNativeTarget;
			buildConfigurationList = 4103FC3D1DC0579F00AE1A9D /* Build configuration list for PBXNativeTarget "RoundingTaxTests" */;
			buildPhases = (
				4103FC221DC0579F00AE1A9D /* Sources */,
				4103FC231DC0579F00AE1A9D /* Frameworks */,
				4103FC241DC0579F00AE1A9D /* Resources */,
			);
			buildRules = (
			);
			dependencies = (
				4103FC281DC0579F00AE1A9D /* PBXTargetDependency */,
			);
			name = RoundingTaxTests;
			productName = RoundingTaxTests;
			productReference = 4103FC261DC0579F00AE1A9D /* RoundingTaxTests.xctest */;
			productType = "com.apple.product-type.bundle.unit-test";
		};
		4103FC301DC0579F00AE1A9D /* RoundingTaxUITests */ = {
			isa = PBXNativeTarget;
			buildConfigurationList = 4103FC401DC0579F00AE1A9D /* Build configuration list for PBXNativeTarget "RoundingTaxUITests" */;
			buildPhases = (
				4103FC2D1DC0579F00AE1A9D /* Sources */,
				4103FC2E1DC0579F00AE1A9D /* Frameworks */,
				4103FC2F1DC0579F00AE1A9D /* Resources */,
			);
			buildRules = (
			);
			dependencies = (
				4103FC331DC0579F00AE1A9D /* PBXTargetDependency */,
			);
			name = RoundingTaxUITests;
			productName = RoundingTaxUITests;
			productReference = 4103FC311DC0579F00AE1A9D /* RoundingTaxUITests.xctest */;
			productType = "com.apple.product-type.bundle.ui-testing";
		};
/* End PBXNativeTarget section */

/* Begin PBXProject section */
		4103FC0A1DC0579F00AE1A9D /* Project object */ = {
			isa = PBXProject;
			attributes = {
				LastSwiftUpdateCheck = 0800;
				LastUpgradeCheck = 0800;
				ORGANIZATIONNAME = CheapGo02;
				TargetAttributes = {
					4103FC111DC0579F00AE1A9D = {
						CreatedOnToolsVersion = 8.0;
						ProvisioningStyle = Automatic;
					};
					4103FC251DC0579F00AE1A9D = {
						CreatedOnToolsVersion = 8.0;
						ProvisioningStyle = Automatic;
						TestTargetID = 4103FC111DC0579F00AE1A9D;
					};
					4103FC301DC0579F00AE1A9D = {
						CreatedOnToolsVersion = 8.0;
						ProvisioningStyle = Automatic;
						TestTargetID = 4103FC111DC0579F00AE1A9D;
					};
				};
			};
			buildConfigurationList = 4103FC0D1DC0579F00AE1A9D /* Build configuration list for PBXProject "RoundingTax" */;
			compatibilityVersion = "Xcode 3.2";
			developmentRegion = English;
			hasScannedForEncodings = 0;
			knownRegions = (
				en,
				Base,
			);
			mainGroup = 4103FC091DC0579F00AE1A9D;
			productRefGroup = 4103FC131DC0579F00AE1A9D /* Products */;
			projectDirPath = "";
			projectRoot = "";
			targets = (
				4103FC111DC0579F00AE1A9D /* RoundingTax */,
				4103FC251DC0579F00AE1A9D /* RoundingTaxTests */,
				4103FC301DC0579F00AE1A9D /* RoundingTaxUITests */,
			);
		};
/* End PBXProject section */

/* Begin PBXResourcesBuildPhase section */
		4103FC101DC0579F00AE1A9D /* Resources */ = {
			isa = PBXResourcesBuildPhase;
			buildActionMask = 2147483647;
			files = (
				4103FC201DC0579F00AE1A9D /* LaunchScreen.storyboard in Resources */,
				4103FC1D1DC0579F00AE1A9D /* Assets.xcassets in Resources */,
				4103FC1B1DC0579F00AE1A9D /* Main.storyboard in Resources */,
			);
			runOnlyForDeploymentPostprocessing = 0;
		};
		4103FC241DC0579F00AE1A9D /* Resources */ = {
			isa = PBXResourcesBuildPhase;
			buildActionMask = 2147483647;
			files = (
			);
			runOnlyForDeploymentPostprocessing = 0;
		};
		4103FC2F1DC0579F00AE1A9D /* Resources */ = {
			isa = PBXResourcesBuildPhase;
			buildActionMask = 2147483647;
			files = (
			);
			runOnlyForDeploymentPostprocessing = 0;
		};
/* End PBXResourcesBuildPhase section */

/* Begin PBXSourcesBuildPhase section */
		4103FC0E1DC0579F00AE1A9D /* Sources */ = {
			isa = PBXSourcesBuildPhase;
			buildActionMask = 2147483647;
			files = (
				4103FC181DC0579F00AE1A9D /* ViewController.swift in Sources */,
				4103FC161DC0579F00AE1A9D /* AppDelegate.swift in Sources */,
			);
			runOnlyForDeploymentPostprocessing = 0;
		};
		4103FC221DC0579F00AE1A9D /* Sources */ = {
			isa = PBXSourcesBuildPhase;
			buildActionMask = 2147483647;
			files = (
				4103FC2B1DC0579F00AE1A9D /* RoundingTaxTests.swift in Sources */,
			);
			runOnlyForDeploymentPostprocessing = 0;
		};
		4103FC2D1DC0579F00AE1A9D /* Sources */ = {
			isa = PBXSourcesBuildPhase;
			buildActionMask = 2147483647;
			files = (
				4103FC361DC0579F00AE1A9D /* RoundingTaxUITests.swift in Sources */,
			);
			runOnlyForDeploymentPostprocessing = 0;
		};
/* End PBXSourcesBuildPhase section */

/* Begin PBXTargetDependency section */
		4103FC281DC0579F00AE1A9D /* PBXTargetDependency */ = {
			isa = PBXTargetDependency;
			target = 4103FC111DC0579F00AE1A9D /* RoundingTax */;
			targetProxy = 4103FC271DC0579F00AE1A9D /* PBXContainerItemProxy */;
		};
		4103FC331DC0579F00AE1A9D /* PBXTargetDependency */ = {
			isa = PBXTargetDependency;
			target = 4103FC111DC0579F00AE1A9D /* RoundingTax */;
			targetProxy = 4103FC321DC0579F00AE1A9D /* PBXContainerItemProxy */;
		};
/* End PBXTargetDependency section */

/* Begin PBXVariantGroup section */
		4103FC191DC0579F00AE1A9D /* Main.storyboard */ = {
			isa = PBXVariantGroup;
			children = (
				4103FC1A1DC0579F00AE1A9D /* Base */,
			);
			name = Main.storyboard;
			sourceTree = "<group>";
		};
		4103FC1E1DC0579F00AE1A9D /* LaunchScreen.storyboard */ = {
			isa = PBXVariantGroup;
			children = (
				4103FC1F1DC0579F00AE1A9D /* Base */,
			);
			name = LaunchScreen.storyboard;
			sourceTree = "<group>";
		};
/* End PBXVariantGroup section */

/* Begin XCBuildConfiguration section */
		4103FC381DC0579F00AE1A9D /* Debug */ = {
			isa = XCBuildConfiguration;
			buildSettings = {
				ALWAYS_SEARCH_USER_PATHS = NO;
				CLANG_ANALYZER_NONNULL = YES;
				CLANG_CXX_LANGUAGE_STANDARD = "gnu++0x";
				CLANG_CXX_LIBRARY = "libc++";
				CLANG_ENABLE_MODULES = YES;
				CLANG_ENABLE_OBJC_ARC = YES;
				CLANG_WARN_BOOL_CONVERSION = YES;
				CLANG_WARN_CONSTANT_CONVERSION = YES;
				CLANG_WARN_DIRECT_OBJC_ISA_USAGE = YES_ERROR;
				CLANG_WARN_DOCUMENTATION_COMMENTS = YES;
				CLANG_WARN_EMPTY_BODY = YES;
				CLANG_WARN_ENUM_CONVERSION = YES;
				CLANG_WARN_INFINITE_RECURSION = YES;
				CLANG_WARN_INT_CONVERSION = YES;
				CLANG_WARN_OBJC_ROOT_CLASS = YES_ERROR;
				CLANG_WARN_SUSPICIOUS_MOVES = YES;
				CLANG_WARN_UNREACHABLE_CODE = YES;
				CLANG_WARN__DUPLICATE_METHOD_MATCH = YES;
				"CODE_SIGN_IDENTITY[sdk=iphoneos*]" = "iPhone Developer";
				COPY_PHASE_STRIP = NO;
				DEBUG_INFORMATION_FORMAT = dwarf;
				ENABLE_STRICT_OBJC_MSGSEND = YES;
				ENABLE_TESTABILITY = YES;
				GCC_C_LANGUAGE_STANDARD = gnu99;
				GCC_DYNAMIC_NO_PIC = NO;
				GCC_NO_COMMON_BLOCKS = YES;
				GCC_OPTIMIZATION_LEVEL = 0;
				GCC_PREPROCESSOR_DEFINITIONS = (
					"DEBUG=1",
					"$(inherited)",
				);
				GCC_WARN_64_TO_32_BIT_CONVERSION = YES;
				GCC_WARN_ABOUT_RETURN_TYPE = YES_ERROR;
				GCC_WARN_UNDECLARED_SELECTOR = YES;
				GCC_WARN_UNINITIALIZED_AUTOS = YES_AGGRESSIVE;
				GCC_WARN_UNUSED_FUNCTION = YES;
				GCC_WARN_UNUSED_VARIABLE = YES;
				IPHONEOS_DEPLOYMENT_TARGET = 10.0;
				MTL_ENABLE_DEBUG_INFO = YES;
				ONLY_ACTIVE_ARCH = YES;
				SDKROOT = iphoneos;
				SWIFT_ACTIVE_COMPILATION_CONDITIONS = DEBUG;
				SWIFT_OPTIMIZATION_LEVEL = "-Onone";
				TARGETED_DEVICE_FAMILY = "1,2";
			};
			name = Debug;
		};
		4103FC391DC0579F00AE1A9D /* Release */ = {
			isa = XCBuildConfiguration;
			buildSettings = {
				ALWAYS_SEARCH_USER_PATHS = NO;
				CLANG_ANALYZER_NONNULL = YES;
				CLANG_CXX_LANGUAGE_STANDARD = "gnu++0x";
				CLANG_CXX_LIBRARY = "libc++";
				CLANG_ENABLE_MODULES = YES;
				CLANG_ENABLE_OBJC_ARC = YES;
				CLANG_WARN_BOOL_CONVERSION = YES;
				CLANG_WARN_CONSTANT_CONVERSION = YES;
				CLANG_WARN_DIRECT_OBJC_ISA_USAGE = YES_ERROR;
				CLANG_WARN_DOCUMENTATION_COMMENTS = YES;
				CLANG_WARN_EMPTY_BODY = YES;
				CLANG_WARN_ENUM_CONVERSION = YES;
				CLANG_WARN_INFINITE_RECURSION = YES;
				CLANG_WARN_INT_CONVERSION = YES;
				CLANG_WARN_OBJC_ROOT_CLASS = YES_ERROR;
				CLANG_WARN_SUSPICIOUS_MOVES = YES;
				CLANG_WARN_UNREACHABLE_CODE = YES;
				CLANG_WARN__DUPLICATE_METHOD_MATCH = YES;
				"CODE_SIGN_IDENTITY[sdk=iphoneos*]" = "iPhone Developer";
				COPY_PHASE_STRIP = NO;
				DEBUG_INFORMATION_FORMAT = "dwarf-with-dsym";
				ENABLE_NS_ASSERTIONS = NO;
				ENABLE_STRICT_OBJC_MSGSEND = YES;
				GCC_C_LANGUAGE_STANDARD = gnu99;
				GCC_NO_COMMON_BLOCKS = YES;
				GCC_WARN_64_TO_32_BIT_CONVERSION = YES;
				GCC_WARN_ABOUT_RETURN_TYPE = YES_ERROR;
				GCC_WARN_UNDECLARED_SELECTOR = YES;
				GCC_WARN_UNINITIALIZED_AUTOS = YES_AGGRESSIVE;
				GCC_WARN_UNUSED_FUNCTION = YES;
				GCC_WARN_UNUSED_VARIABLE = YES;
				IPHONEOS_DEPLOYMENT_TARGET = 10.0;
				MTL_ENABLE_DEBUG_INFO = NO;
				SDKROOT = iphoneos;
				SWIFT_OPTIMIZATION_LEVEL = "-Owholemodule";
				TARGETED_DEVICE_FAMILY = "1,2";
				VALIDATE_PRODUCT = YES;
			};
			name = Release;
		};
		4103FC3B1DC0579F00AE1A9D /* Debug */ = {
			isa = XCBuildConfiguration;
			buildSettings = {
				ASSETCATALOG_COMPILER_APPICON_NAME = AppIcon;
				INFOPLIST_FILE = RoundingTax/Info.plist;
				LD_RUNPATH_SEARCH_PATHS = "$(inherited) @executable_path/Frameworks";
				PRODUCT_BUNDLE_IDENTIFIER = CheapGo02.RoundingTax;
				PRODUCT_NAME = "$(TARGET_NAME)";
				SWIFT_VERSION = 3.0;
			};
			name = Debug;
		};
		4103FC3C1DC0579F00AE1A9D /* Release */ = {
			isa = XCBuildConfiguration;
			buildSettings = {
				ASSETCATALOG_COMPILER_APPICON_NAME = AppIcon;
				INFOPLIST_FILE = RoundingTax/Info.plist;
				LD_RUNPATH_SEARCH_PATHS = "$(inherited) @executable_path/Frameworks";
				PRODUCT_BUNDLE_IDENTIFIER = CheapGo02.RoundingTax;
				PRODUCT_NAME = "$(TARGET_NAME)";
				SWIFT_VERSION = 3.0;
			};
			name = Release;
		};
		4103FC3E1DC0579F00AE1A9D /* Debug */ = {
			isa = XCBuildConfiguration;
			buildSettings = {
				ALWAYS_EMBED_SWIFT_STANDARD_LIBRARIES = YES;
				BUNDLE_LOADER = "$(TEST_HOST)";
				INFOPLIST_FILE = RoundingTaxTests/Info.plist;
				LD_RUNPATH_SEARCH_PATHS = "$(inherited) @executable_path/Frameworks @loader_path/Frameworks";
				PRODUCT_BUNDLE_IDENTIFIER = CheapGo02.RoundingTaxTests;
				PRODUCT_NAME = "$(TARGET_NAME)";
				SWIFT_VERSION = 3.0;
				TEST_HOST = "$(BUILT_PRODUCTS_DIR)/RoundingTax.app/RoundingTax";
			};
			name = Debug;
		};
		4103FC3F1DC0579F00AE1A9D /* Release */ = {
			isa = XCBuildConfiguration;
			buildSettings = {
				ALWAYS_EMBED_SWIFT_STANDARD_LIBRARIES = YES;
				BUNDLE_LOADER = "$(TEST_HOST)";
				INFOPLIST_FILE = RoundingTaxTests/Info.plist;
				LD_RUNPATH_SEARCH_PATHS = "$(inherited) @executable_path/Frameworks @loader_path/Frameworks";
				PRODUCT_BUNDLE_IDENTIFIER = CheapGo02.RoundingTaxTests;
				PRODUCT_NAME = "$(TARGET_NAME)";
				SWIFT_VERSION = 3.0;
				TEST_HOST = "$(BUILT_PRODUCTS_DIR)/RoundingTax.app/RoundingTax";
			};
			name = Release;
		};
		4103FC411DC0579F00AE1A9D /* Debug */ = {
			isa = XCBuildConfiguration;
			buildSettings = {
				ALWAYS_EMBED_SWIFT_STANDARD_LIBRARIES = YES;
				INFOPLIST_FILE = RoundingTaxUITests/Info.plist;
				LD_RUNPATH_SEARCH_PATHS = "$(inherited) @executable_path/Frameworks @loader_path/Frameworks";
				PRODUCT_BUNDLE_IDENTIFIER = CheapGo02.RoundingTaxUITests;
				PRODUCT_NAME = "$(TARGET_NAME)";
				SWIFT_VERSION = 3.0;
				TEST_TARGET_NAME = RoundingTax;
			};
			name = Debug;
		};
		4103FC421DC0579F00AE1A9D /* Release */ = {
			isa = XCBuildConfiguration;
			buildSettings = {
				ALWAYS_EMBED_SWIFT_STANDARD_LIBRARIES = YES;
				INFOPLIST_FILE = RoundingTaxUITests/Info.plist;
				LD_RUNPATH_SEARCH_PATHS = "$(inherited) @executable_path/Frameworks @loader_path/Frameworks";
				PRODUCT_BUNDLE_IDENTIFIER = CheapGo02.RoundingTaxUITests;
				PRODUCT_NAME = "$(TARGET_NAME)";
				SWIFT_VERSION = 3.0;
				TEST_TARGET_NAME = RoundingTax;
			};
			name = Release;
		};
/* End XCBuildConfiguration section */

/* Begin XCConfigurationList section */
		4103FC0D1DC0579F00AE1A9D /* Build configuration list for PBXProject "RoundingTax" */ = {
			isa = XCConfigurationList;
			buildConfigurations = (
				4103FC381DC0579F00AE1A9D /* Debug */,
				4103FC391DC0579F00AE1A9D /* Release */,
			);
			defaultConfigurationIsVisible = 0;
			defaultConfigurationName = Release;
		};
		4103FC3A1DC0579F00AE1A9D /* Build configuration list for PBXNativeTarget "RoundingTax" */ = {
			isa = XCConfigurationList;
			buildConfigurations = (
				4103FC3B1DC0579F00AE1A9D /* Debug */,
				4103FC3C1DC0579F00AE1A9D /* Release */,
			);
			defaultConfigurationIsVisible = 0;
		};
		4103FC3D1DC0579F00AE1A9D /* Build configuration list for PBXNativeTarget "RoundingTaxTests" */ = {
			isa = XCConfigurationList;
			buildConfigurations = (
				4103FC3E1DC0579F00AE1A9D /* Debug */,
				4103FC3F1DC0579F00AE1A9D /* Release */,
			);
			defaultConfigurationIsVisible = 0;
		};
		4103FC401DC0579F00AE1A9D /* Build configuration list for PBXNativeTarget "RoundingTaxUITests" */ = {
			isa = XCConfigurationList;
			buildConfigurations = (
				4103FC411DC0579F00AE1A9D /* Debug */,
				4103FC421DC0579F00AE1A9D /* Release */,
			);
			defaultConfigurationIsVisible = 0;
		};
/* End XCConfigurationList section */
	};
	rootObject = 4103FC0A1DC0579F00AE1A9D /* Project object */;
}
